
Microsoft Visual Studio Solution File, Format Version 12.00
# Visual Studio Version 17
VisualStudioVersion = 17.9.34728.123
MinimumVisualStudioVersion = 10.0.40219.1
Project("{FAE04EC0-301F-11D3-BF4B-00C04F79EFBC}") = "ICTInfoHub.API", "ICTInfoHub.API\ICTInfoHub.API.csproj", "{E8FE27A3-3203-456A-8E53-61B21C8F9D5C}"
EndProject
Global
	GlobalSection(SolutionConfigurationPlatforms) = preSolution
		Debug|Any CPU = Debug|Any CPU
		Release|Any CPU = Release|Any CPU
	EndGlobalSection
	GlobalSection(ProjectConfigurationPlatforms) = postSolution
		{E8FE27A3-3203-456A-8E53-61B21C8F9D5C}.Debug|Any CPU.ActiveCfg = Debug|Any CPU
		{E8FE27A3-3203-456A-8E53-61B21C8F9D5C}.Debug|Any CPU.Build.0 = Debug|Any CPU
		{E8FE27A3-3203-456A-8E53-61B21C8F9D5C}.Release|Any CPU.ActiveCfg = Release|Any CPU
		{E8FE27A3-3203-456A-8E53-61B21C8F9D5C}.Release|Any CPU.Build.0 = Release|Any CPU
	EndGlobalSection
	GlobalSection(SolutionProperties) = preSolution
		HideSolutionNode = FALSE
	EndGlobalSection
	GlobalSection(ExtensibilityGlobals) = postSolution
		SolutionGuid = {8852E418-4103-4A2B-897D-33CE3F434D97}
	EndGlobalSection
EndGlobal
